<?xml version="1.0" encoding="utf-8"?>
<Project ToolsVersion="4.0" xmlns="http://schemas.microsoft.com/developer/msbuild/2003">
  <ItemGroup>
    <Filter Include="Quelldateien">
    </Filter>
    <Filter Include="Headerdateien">
    </Filter>
  </ItemGroup>
  <ItemGroup>
    <ClCompile Include="ConfFile.cpp">
      <Filter>Quelldateien</Filter>
    </ClCompile>
    <ClCompile Include="DhcpServ.cpp">
      <Filter>Quelldateien</Filter>
    </ClCompile>
    <ClCompile Include="Trace.cpp">
      <Filter>Quelldateien</Filter>
    </ClCompile>
  </ItemGroup>
  <ItemGroup>
    <ClInclude Include="ConfFile.h">
      <Filter>Headerdateien</Filter>
    </ClInclude>
    <ClInclude Include="Trace.h">
      <Filter>Headerdateien</Filter>
    </ClInclude>
  </ItemGroup>
</Project>